
Microsoft Visual Studio Solution File, Format Version 12.00
# Visual Studio 15
VisualStudioVersion = 15.0.28307.271
MinimumVisualStudioVersion = 10.0.40219.1
Project("{FAE04EC0-301F-11D3-BF4B-00C04F79EFBC}") = "InternshipWebApiWithReact.Web", "InternshipWebApiWithReact\InternshipWebApiWithReact.Web.csproj", "{14D7A7A5-F80F-4EC8-B6A7-54C6ACFBDC3B}"
EndProject
Project("{FAE04EC0-301F-11D3-BF4B-00C04F79EFBC}") = "InternshipWebApiWithReact.Domain", "IntersnhipWebApiWithReact.Domain\InternshipWebApiWithReact.Domain.csproj", "{FE17C5DA-CBC0-4589-8A1C-B18E5D22ABB2}"
EndProject
Project("{FAE04EC0-301F-11D3-BF4B-00C04F79EFBC}") = "InternshipWebApiWithReact.Data", "InternshipWebApiWIthReact.Data\InternshipWebApiWithReact.Data.csproj", "{B4F178A6-E817-47D7-9891-47385207880F}"
EndProject
Global
	GlobalSection(SolutionConfigurationPlatforms) = preSolution
		Debug|Any CPU = Debug|Any CPU
		Release|Any CPU = Release|Any CPU
	EndGlobalSection
	GlobalSection(ProjectConfigurationPlatforms) = postSolution
		{14D7A7A5-F80F-4EC8-B6A7-54C6ACFBDC3B}.Debug|Any CPU.ActiveCfg = Debug|Any CPU
		{14D7A7A5-F80F-4EC8-B6A7-54C6ACFBDC3B}.Debug|Any CPU.Build.0 = Debug|Any CPU
		{14D7A7A5-F80F-4EC8-B6A7-54C6ACFBDC3B}.Release|Any CPU.ActiveCfg = Release|Any CPU
		{14D7A7A5-F80F-4EC8-B6A7-54C6ACFBDC3B}.Release|Any CPU.Build.0 = Release|Any CPU
		{FE17C5DA-CBC0-4589-8A1C-B18E5D22ABB2}.Debug|Any CPU.ActiveCfg = Debug|Any CPU
		{FE17C5DA-CBC0-4589-8A1C-B18E5D22ABB2}.Debug|Any CPU.Build.0 = Debug|Any CPU
		{FE17C5DA-CBC0-4589-8A1C-B18E5D22ABB2}.Release|Any CPU.ActiveCfg = Release|Any CPU
		{FE17C5DA-CBC0-4589-8A1C-B18E5D22ABB2}.Release|Any CPU.Build.0 = Release|Any CPU
		{B4F178A6-E817-47D7-9891-47385207880F}.Debug|Any CPU.ActiveCfg = Debug|Any CPU
		{B4F178A6-E817-47D7-9891-47385207880F}.Debug|Any CPU.Build.0 = Debug|Any CPU
		{B4F178A6-E817-47D7-9891-47385207880F}.Release|Any CPU.ActiveCfg = Release|Any CPU
		{B4F178A6-E817-47D7-9891-47385207880F}.Release|Any CPU.Build.0 = Release|Any CPU
	EndGlobalSection
	GlobalSection(SolutionProperties) = preSolution
		HideSolutionNode = FALSE
	EndGlobalSection
	GlobalSection(ExtensibilityGlobals) = postSolution
		SolutionGuid = {18C866BE-FC25-4107-92A9-B4B64FAC8361}
	EndGlobalSection
EndGlobal
